// !$*UTF8*$!
{
	archiveVersion = 1;
	classes = {
	};
	objectVersion = 77;
	objects = {

/* Begin PBXBuildFile section */
		00EE11A38AA65AB2658832BF /* SSBSecretHandshake.m in Sources */ = {isa = PBXBuildFile; fileRef = 0255A98ECFDE1B94FD72FDC8 /* SSBSecretHandshake.m */; };
		039B4FFDD41842731258C5A0 /* SSBHTTPInviteServer.h in Headers */ = {isa = PBXBuildFile; fileRef = B9BB92B839045329BFED6CF9 /* SSBHTTPInviteServer.h */; settings = {ATTRIBUTES = (Public, ); }; };
		047DD05B99FEB5CF11CF4C60 /* SSBBendyButt.h in Headers */ = {isa = PBXBuildFile; fileRef = AE263EE668B2B8230CEA86F0 /* SSBBendyButt.h */; settings = {ATTRIBUTES = (Public, ); }; };
		04FBDC2110F3898DE17DD339 /* SSBMessageCodec.h in Headers */ = {isa = PBXBuildFile; fileRef = EBEB65F0F3E4B90137A01A1F /* SSBMessageCodec.h */; settings = {ATTRIBUTES = (Public, ); }; };
		056267448FB588E609991737 /* RoomStorage.m in Sources */ = {isa = PBXBuildFile; fileRef = DEF75D13D452FFD12BF95D82 /* RoomStorage.m */; };
		162F045D34358E23A6010CEC /* SSBMetafeed.h in Headers */ = {isa = PBXBuildFile; fileRef = 189BDF5A7F57785FA15BF879 /* SSBMetafeed.h */; settings = {ATTRIBUTES = (Public, ); }; };
		1F1FC8D5C7E11D53568CB43E /* SSBConnectionFSMTests.m in Sources */ = {isa = PBXBuildFile; fileRef = 7903E33DB09B529B3231AC07 /* SSBConnectionFSMTests.m */; };
		2411B5A6066C3651E43750E6 /* SSBFeedStore.h in Headers */ = {isa = PBXBuildFile; fileRef = C9373F921F75303BFCDC1BE6 /* SSBFeedStore.h */; settings = {ATTRIBUTES = (Public, ); }; };
		2CFA0B235B87F6A5B03AEE35 /* RoomInviteHandlerTests.m in Sources */ = {isa = PBXBuildFile; fileRef = AFE38E82BFCE0732285FBFD3 /* RoomInviteHandlerTests.m */; };
		2D27C4B1478B3BEE80FD5ACE /* tweetnacl.c in Sources */ = {isa = PBXBuildFile; fileRef = 75516176EABD43E300304542 /* tweetnacl.c */; };
		2D6FBF5BD89783F1B4CAAEAA /* SSBNetwork.framework in Frameworks */ = {isa = PBXBuildFile; fileRef = 61BA0400ED90DA1C669C82F6 /* SSBNetwork.framework */; };
		2DFF3BBA68D1B5E1BF607B23 /* RoomInviteHandler.h in Headers */ = {isa = PBXBuildFile; fileRef = 1C3C9A7A3F394789F22597E9 /* RoomInviteHandler.h */; settings = {ATTRIBUTES = (Public, ); }; };
		35734AB8D61C51D56B3B4AA5 /* SSBHTTPAuth.h in Headers */ = {isa = PBXBuildFile; fileRef = A5572FAB9C13EDB3AA6AC7E0 /* SSBHTTPAuth.h */; settings = {ATTRIBUTES = (Public, ); }; };
		39E8170656DD2630FC0DF719 /* SSBSecretHandshake.h in Headers */ = {isa = PBXBuildFile; fileRef = 99F91286CB3ED206B79A3E77 /* SSBSecretHandshake.h */; settings = {ATTRIBUTES = (Public, ); }; };
		3B8D602C97E80D60B476E84C /* SSBMetafeed.m in Sources */ = {isa = PBXBuildFile; fileRef = B3ED61B0C360E195DDE9E67F /* SSBMetafeed.m */; };
		3C5FE070E76B93931852DC0D /* SSBConnectionFSM.h in Headers */ = {isa = PBXBuildFile; fileRef = 3D0A5DD1CF76AFF24492A78E /* SSBConnectionFSM.h */; settings = {ATTRIBUTES = (Public, ); }; };
		4E0D770E3150E72B84939F1A /* SSBFramer.h in Headers */ = {isa = PBXBuildFile; fileRef = 9B42ABD39574F1380A7D4E02 /* SSBFramer.h */; settings = {ATTRIBUTES = (Public, ); }; };
		554426DE883B869FC0368A91 /* SSBRoomProtocolBugfixTests.m in Sources */ = {isa = PBXBuildFile; fileRef = 82A5436B4CFA34D7E02DF80C /* SSBRoomProtocolBugfixTests.m */; };
		585777B3264C53A370D9B1A9 /* SSBMuxRPC.m in Sources */ = {isa = PBXBuildFile; fileRef = 798B55FEB82324DA55E84BE8 /* SSBMuxRPC.m */; };
		59C7722FFBE59082E6FEFC4E /* SSBFeedStore.m in Sources */ = {isa = PBXBuildFile; fileRef = C55A0EBFE2F7F1BDD456ED11 /* SSBFeedStore.m */; };
		75A183A6BE3C707DBFF9802F /* SSBIndexFeed.m in Sources */ = {isa = PBXBuildFile; fileRef = 0C8F057287283AD2B9906EF1 /* SSBIndexFeed.m */; };
		75C64BD1D71E250DB10E3F79 /* SSBBoxStream.h in Headers */ = {isa = PBXBuildFile; fileRef = 29B7AD9AB28A5B0C4A35BA2E /* SSBBoxStream.h */; settings = {ATTRIBUTES = (Public, ); }; };
		7ADF4D7E4394304A4282236A /* SSBBIPF.h in Headers */ = {isa = PBXBuildFile; fileRef = 7CBAE6D51037FC4AB336DDB3 /* SSBBIPF.h */; settings = {ATTRIBUTES = (Public, ); }; };
		7F22700F8DF227408F500E85 /* SSBBFE.m in Sources */ = {isa = PBXBuildFile; fileRef = 5FD97ACAFE931445D4CEBA24 /* SSBBFE.m */; };
		85E97634B5B4504389199501 /* SSBBendyButt.m in Sources */ = {isa = PBXBuildFile; fileRef = E5D6A0F38B9E9AFA91A44D6D /* SSBBendyButt.m */; };
		884E6C004581AD0133CC3FD3 /* SSBURI.m in Sources */ = {isa = PBXBuildFile; fileRef = FF643DB59B16753E557EAF57 /* SSBURI.m */; };
		884F44BF881CE3A4D3DC4DF7 /* AppIcon.icns in Resources */ = {isa = PBXBuildFile; fileRef = 410B0BC80AF863D21E803C0F /* AppIcon.icns */; };
		8AB648382104AA27043DE092 /* SSBHTTPAuth.m in Sources */ = {isa = PBXBuildFile; fileRef = C716E64EB06334D09F2227F6 /* SSBHTTPAuth.m */; };
		8AF74B0C6F85ABD1BAAFBB44 /* AppDelegate.m in Sources */ = {isa = PBXBuildFile; fileRef = F80E33A7DBFD10BDAA3D203E /* AppDelegate.m */; };
		957A819F27BDA12D6A818E7B /* SSBNetwork.framework in Frameworks */ = {isa = PBXBuildFile; fileRef = 61BA0400ED90DA1C669C82F6 /* SSBNetwork.framework */; };
		96B02CDE1D300F6A5623E45D /* SSBBoxStream.m in Sources */ = {isa = PBXBuildFile; fileRef = 9B5DE3CEE3B9D2A1BFC6F370 /* SSBBoxStream.m */; };
		9EA9951A01E1E1F883481100 /* SSBMuxRPC.h in Headers */ = {isa = PBXBuildFile; fileRef = B73C35617F300D1233DB2B83 /* SSBMuxRPC.h */; settings = {ATTRIBUTES = (Public, ); }; };
		A141F7D05B6B1CB5181E6307 /* SSBBFETests.m in Sources */ = {isa = PBXBuildFile; fileRef = 7E748DFDDA660FFBB10D82FB /* SSBBFETests.m */; };
		A6A93BFDD12197C8C9CE2A40 /* SSBNetwork.framework in Embed Frameworks */ = {isa = PBXBuildFile; fileRef = 61BA0400ED90DA1C669C82F6 /* SSBNetwork.framework */; settings = {ATTRIBUTES = (CodeSignOnCopy, RemoveHeadersOnCopy, ); }; };
		A953F4A5E9AAC735E3C5297E /* SSBNetwork.h in Headers */ = {isa = PBXBuildFile; fileRef = 31DBAA46A5AA443FF424EB6E /* SSBNetwork.h */; settings = {ATTRIBUTES = (Public, ); }; };
		AC2D8D590BA4C02C2BFC96B5 /* SSBRoomClient.m in Sources */ = {isa = PBXBuildFile; fileRef = 037E18283780BBEE7AC97C12 /* SSBRoomClient.m */; };
		B40F60D75D99FFFB352DF537 /* SSBTangle.m in Sources */ = {isa = PBXBuildFile; fileRef = EC626AA0CD6651F362F3A259 /* SSBTangle.m */; };
		B4B1781611491EA710139777 /* tweetnacl.h in Headers */ = {isa = PBXBuildFile; fileRef = ADF41D2BA8155CDF54C259CB /* tweetnacl.h */; settings = {ATTRIBUTES = (Public, ); }; };
		B873CA366A39AA08B15ABA9B /* SSBBIPF.m in Sources */ = {isa = PBXBuildFile; fileRef = F325B1D6582DD9CC76FC5697 /* SSBBIPF.m */; };
		B8E2C63792A054D04318C035 /* Assets.xcassets in Resources */ = {isa = PBXBuildFile; fileRef = C9F05C00F76929DB237EAFC5 /* Assets.xcassets */; };
		BB914624C7A198AC3B984E87 /* SSBIndexFeed.h in Headers */ = {isa = PBXBuildFile; fileRef = 90204CE2735F70BB02436E71 /* SSBIndexFeed.h */; settings = {ATTRIBUTES = (Public, ); }; };
		BC9EB0722B867B85252E9258 /* SSBMessageCodec.m in Sources */ = {isa = PBXBuildFile; fileRef = 3C70C0A06B11C1312D125C45 /* SSBMessageCodec.m */; };
		BD7F78D9CC7E86F23EE6532F /* SSBFramer.m in Sources */ = {isa = PBXBuildFile; fileRef = B48BB954DFAE878A0075EF4A /* SSBFramer.m */; };
		BE9A8D2A4973E05F75341AB6 /* libsqlite3.tbd in Frameworks */ = {isa = PBXBuildFile; fileRef = 067EE91BF3BEDCAEEB1CA111 /* libsqlite3.tbd */; };
		C111B6D99CDCCCFD9546C012 /* SSBConnectionFSM.m in Sources */ = {isa = PBXBuildFile; fileRef = ED5D14C9A38BFEE04B8CFA16 /* SSBConnectionFSM.m */; };
		C675DBFEC6E02324C36C7FF1 /* SSBURI.h in Headers */ = {isa = PBXBuildFile; fileRef = 53D2EEA4027CFD4A5B573A70 /* SSBURI.h */; settings = {ATTRIBUTES = (Public, ); }; };
		CD38B433F28833FDB0A18450 /* RoomStorage.h in Headers */ = {isa = PBXBuildFile; fileRef = 8B1A74C0B6939BE415F1577B /* RoomStorage.h */; settings = {ATTRIBUTES = (Public, ); }; };
		CDE1773169A7406CF7C80E86 /* SSBRoomClient.h in Headers */ = {isa = PBXBuildFile; fileRef = 84FB412E2AF11B61D45E5D7E /* SSBRoomClient.h */; settings = {ATTRIBUTES = (Public, ); }; };
		CEFE6E080E34CA2A1F784CBB /* randombytes.c in Sources */ = {isa = PBXBuildFile; fileRef = 6AD82430655F17B68BA5E2AB /* randombytes.c */; };
		DC4E9D2F01B23F9B6992C1B7 /* main.m in Sources */ = {isa = PBXBuildFile; fileRef = 1FED1D5E48F454E382FCABAA /* main.m */; };
		E2B98592E789745288819A91 /* SSBTangle.h in Headers */ = {isa = PBXBuildFile; fileRef = 2EA1EE9798EA1AC943C4251F /* SSBTangle.h */; settings = {ATTRIBUTES = (Public, ); }; };
		E3B51FD2F5CD35960B8ABB96 /* SSBFramerTests.m in Sources */ = {isa = PBXBuildFile; fileRef = 51CC92772DB3FD3C04DDA282 /* SSBFramerTests.m */; };
		ED1404748F962F19589CBE74 /* RoomInviteHandler.m in Sources */ = {isa = PBXBuildFile; fileRef = 48B3F9236315984F2295B802 /* RoomInviteHandler.m */; };
		EE2CD1F5E183608A063F70D6 /* SSBNetwork.framework in Embed Frameworks */ = {isa = PBXBuildFile; fileRef = 61BA0400ED90DA1C669C82F6 /* SSBNetwork.framework */; settings = {ATTRIBUTES = (CodeSignOnCopy, RemoveHeadersOnCopy, ); }; };
		F242D9204257ADEF9BE27519 /* SSBBFE.h in Headers */ = {isa = PBXBuildFile; fileRef = 883B75B6F77728C6B18E47AA /* SSBBFE.h */; settings = {ATTRIBUTES = (Public, ); }; };
		FB9F2FA752CFEEFE9F389EDA /* SSBHTTPInviteServer.m in Sources */ = {isa = PBXBuildFile; fileRef = 7B43F65DF2F79CE330D39DB8 /* SSBHTTPInviteServer.m */; };
/* End PBXBuildFile section */

/* Begin PBXContainerItemProxy section */
		1C903BEDC19F4311F34E501B /* PBXContainerItemProxy */ = {
			isa = PBXContainerItemProxy;
			containerPortal = 84FE5265FAD8C72B56E7EF33 /* Project object */;
			proxyType = 1;
			remoteGlobalIDString = 1CF40B086A59D56593B18B96;
			remoteInfo = SSBNetwork;
		};
		E1962CFE58CCD5FCCBEDD940 /* PBXContainerItemProxy */ = {
			isa = PBXContainerItemProxy;
			containerPortal = 84FE5265FAD8C72B56E7EF33 /* Project object */;
			proxyType = 1;
			remoteGlobalIDString = 1CF40B086A59D56593B18B96;
			remoteInfo = SSBNetwork;
		};
/* End PBXContainerItemProxy section */

/* Begin PBXCopyFilesBuildPhase section */
		53760165C7B27B5720D00C41 /* Embed Frameworks */ = {
			isa = PBXCopyFilesBuildPhase;
			buildActionMask = 2147483647;
			dstPath = "";
			dstSubfolderSpec = 10;
			files = (
				A6A93BFDD12197C8C9CE2A40 /* SSBNetwork.framework in Embed Frameworks */,
			);
			name = "Embed Frameworks";
			runOnlyForDeploymentPostprocessing = 0;
		};
		B8159EB20C043B4DBA94BD0A /* Embed Frameworks */ = {
			isa = PBXCopyFilesBuildPhase;
			buildActionMask = 2147483647;
			dstPath = "";
			dstSubfolderSpec = 10;
			files = (
				EE2CD1F5E183608A063F70D6 /* SSBNetwork.framework in Embed Frameworks */,
			);
			name = "Embed Frameworks";
			runOnlyForDeploymentPostprocessing = 0;
		};
/* End PBXCopyFilesBuildPhase section */

/* Begin PBXFileReference section */
		0255A98ECFDE1B94FD72FDC8 /* SSBSecretHandshake.m */ = {isa = PBXFileReference; lastKnownFileType = sourcecode.c.objc; path = SSBSecretHandshake.m; sourceTree = "<group>"; };
		037E18283780BBEE7AC97C12 /* SSBRoomClient.m */ = {isa = PBXFileReference; lastKnownFileType = sourcecode.c.objc; path = SSBRoomClient.m; sourceTree = "<group>"; };
		067EE91BF3BEDCAEEB1CA111 /* libsqlite3.tbd */ = {isa = PBXFileReference; lastKnownFileType = "sourcecode.text-based-dylib-definition"; name = libsqlite3.tbd; path = usr/lib/libsqlite3.tbd; sourceTree = SDKROOT; };
		0C8F057287283AD2B9906EF1 /* SSBIndexFeed.m */ = {isa = PBXFileReference; lastKnownFileType = sourcecode.c.objc; path = SSBIndexFeed.m; sourceTree = "<group>"; };
		189BDF5A7F57785FA15BF879 /* SSBMetafeed.h */ = {isa = PBXFileReference; lastKnownFileType = sourcecode.c.h; path = SSBMetafeed.h; sourceTree = "<group>"; };
		1C3C9A7A3F394789F22597E9 /* RoomInviteHandler.h */ = {isa = PBXFileReference; lastKnownFileType = sourcecode.c.h; path = RoomInviteHandler.h; sourceTree = "<group>"; };
		1FED1D5E48F454E382FCABAA /* main.m */ = {isa = PBXFileReference; lastKnownFileType = sourcecode.c.objc; path = main.m; sourceTree = "<group>"; };
		23C9D99F878A9B6C7F9ECDB3 /* SSBNetworkTests.xctest */ = {isa = PBXFileReference; explicitFileType = wrapper.cfbundle; includeInIndex = 0; path = SSBNetworkTests.xctest; sourceTree = BUILT_PRODUCTS_DIR; };
		29B7AD9AB28A5B0C4A35BA2E /* SSBBoxStream.h */ = {isa = PBXFileReference; lastKnownFileType = sourcecode.c.h; path = SSBBoxStream.h; sourceTree = "<group>"; };
		2EA1EE9798EA1AC943C4251F /* SSBTangle.h */ = {isa = PBXFileReference; lastKnownFileType = sourcecode.c.h; path = SSBTangle.h; sourceTree = "<group>"; };
		31DBAA46A5AA443FF424EB6E /* SSBNetwork.h */ = {isa = PBXFileReference; lastKnownFileType = sourcecode.c.h; path = SSBNetwork.h; sourceTree = "<group>"; };
		3C70C0A06B11C1312D125C45 /* SSBMessageCodec.m */ = {isa = PBXFileReference; lastKnownFileType = sourcecode.c.objc; path = SSBMessageCodec.m; sourceTree = "<group>"; };
		3D0A5DD1CF76AFF24492A78E /* SSBConnectionFSM.h */ = {isa = PBXFileReference; lastKnownFileType = sourcecode.c.h; path = SSBConnectionFSM.h; sourceTree = "<group>"; };
		410B0BC80AF863D21E803C0F /* AppIcon.icns */ = {isa = PBXFileReference; lastKnownFileType = image.icns; path = AppIcon.icns; sourceTree = "<group>"; };
		48B3F9236315984F2295B802 /* RoomInviteHandler.m */ = {isa = PBXFileReference; lastKnownFileType = sourcecode.c.objc; path = RoomInviteHandler.m; sourceTree = "<group>"; };
		517830A10C275CAC17E13876 /* ScuttleRoomApp.app */ = {isa = PBXFileReference; explicitFileType = wrapper.application; includeInIndex = 0; path = ScuttleRoomApp.app; sourceTree = BUILT_PRODUCTS_DIR; };
		51CC92772DB3FD3C04DDA282 /* SSBFramerTests.m */ = {isa = PBXFileReference; lastKnownFileType = sourcecode.c.objc; path = SSBFramerTests.m; sourceTree = "<group>"; };
		53D2EEA4027CFD4A5B573A70 /* SSBURI.h */ = {isa = PBXFileReference; lastKnownFileType = sourcecode.c.h; path = SSBURI.h; sourceTree = "<group>"; };
		5FD97ACAFE931445D4CEBA24 /* SSBBFE.m */ = {isa = PBXFileReference; lastKnownFileType = sourcecode.c.objc; path = SSBBFE.m; sourceTree = "<group>"; };
		61BA0400ED90DA1C669C82F6 /* SSBNetwork.framework */ = {isa = PBXFileReference; explicitFileType = wrapper.framework; includeInIndex = 0; path = SSBNetwork.framework; sourceTree = BUILT_PRODUCTS_DIR; };
		6AD82430655F17B68BA5E2AB /* randombytes.c */ = {isa = PBXFileReference; lastKnownFileType = sourcecode.c.c; path = randombytes.c; sourceTree = "<group>"; };
		7466A4084D3543D750F94190 /* Info.plist */ = {isa = PBXFileReference; lastKnownFileType = text.plist; path = Info.plist; sourceTree = "<group>"; };
		75516176EABD43E300304542 /* tweetnacl.c */ = {isa = PBXFileReference; lastKnownFileType = sourcecode.c.c; path = tweetnacl.c; sourceTree = "<group>"; };
		7903E33DB09B529B3231AC07 /* SSBConnectionFSMTests.m */ = {isa = PBXFileReference; lastKnownFileType = sourcecode.c.objc; path = SSBConnectionFSMTests.m; sourceTree = "<group>"; };
		798B55FEB82324DA55E84BE8 /* SSBMuxRPC.m */ = {isa = PBXFileReference; lastKnownFileType = sourcecode.c.objc; path = SSBMuxRPC.m; sourceTree = "<group>"; };
		7B43F65DF2F79CE330D39DB8 /* SSBHTTPInviteServer.m */ = {isa = PBXFileReference; lastKnownFileType = sourcecode.c.objc; path = SSBHTTPInviteServer.m; sourceTree = "<group>"; };
		7CBAE6D51037FC4AB336DDB3 /* SSBBIPF.h */ = {isa = PBXFileReference; lastKnownFileType = sourcecode.c.h; path = SSBBIPF.h; sourceTree = "<group>"; };
		7E748DFDDA660FFBB10D82FB /* SSBBFETests.m */ = {isa = PBXFileReference; lastKnownFileType = sourcecode.c.objc; path = SSBBFETests.m; sourceTree = "<group>"; };
		82A5436B4CFA34D7E02DF80C /* SSBRoomProtocolBugfixTests.m */ = {isa = PBXFileReference; lastKnownFileType = sourcecode.c.objc; path = SSBRoomProtocolBugfixTests.m; sourceTree = "<group>"; };
		84FB412E2AF11B61D45E5D7E /* SSBRoomClient.h */ = {isa = PBXFileReference; lastKnownFileType = sourcecode.c.h; path = SSBRoomClient.h; sourceTree = "<group>"; };
		883B75B6F77728C6B18E47AA /* SSBBFE.h */ = {isa = PBXFileReference; lastKnownFileType = sourcecode.c.h; path = SSBBFE.h; sourceTree = "<group>"; };
		8B1A74C0B6939BE415F1577B /* RoomStorage.h */ = {isa = PBXFileReference; lastKnownFileType = sourcecode.c.h; path = RoomStorage.h; sourceTree = "<group>"; };
		90204CE2735F70BB02436E71 /* SSBIndexFeed.h */ = {isa = PBXFileReference; lastKnownFileType = sourcecode.c.h; path = SSBIndexFeed.h; sourceTree = "<group>"; };
		99F91286CB3ED206B79A3E77 /* SSBSecretHandshake.h */ = {isa = PBXFileReference; lastKnownFileType = sourcecode.c.h; path = SSBSecretHandshake.h; sourceTree = "<group>"; };
		9B42ABD39574F1380A7D4E02 /* SSBFramer.h */ = {isa = PBXFileReference; lastKnownFileType = sourcecode.c.h; path = SSBFramer.h; sourceTree = "<group>"; };
		9B5DE3CEE3B9D2A1BFC6F370 /* SSBBoxStream.m */ = {isa = PBXFileReference; lastKnownFileType = sourcecode.c.objc; path = SSBBoxStream.m; sourceTree = "<group>"; };
		9C7E04C046ADB179D05C58EF /* Info.plist */ = {isa = PBXFileReference; lastKnownFileType = text.plist; path = Info.plist; sourceTree = "<group>"; };
		A5572FAB9C13EDB3AA6AC7E0 /* SSBHTTPAuth.h */ = {isa = PBXFileReference; lastKnownFileType = sourcecode.c.h; path = SSBHTTPAuth.h; sourceTree = "<group>"; };
		ADF41D2BA8155CDF54C259CB /* tweetnacl.h */ = {isa = PBXFileReference; lastKnownFileType = sourcecode.c.h; path = tweetnacl.h; sourceTree = "<group>"; };
		AE263EE668B2B8230CEA86F0 /* SSBBendyButt.h */ = {isa = PBXFileReference; lastKnownFileType = sourcecode.c.h; path = SSBBendyButt.h; sourceTree = "<group>"; };
		AFE38E82BFCE0732285FBFD3 /* RoomInviteHandlerTests.m */ = {isa = PBXFileReference; lastKnownFileType = sourcecode.c.objc; path = RoomInviteHandlerTests.m; sourceTree = "<group>"; };
		B3ED61B0C360E195DDE9E67F /* SSBMetafeed.m */ = {isa = PBXFileReference; lastKnownFileType = sourcecode.c.objc; path = SSBMetafeed.m; sourceTree = "<group>"; };
		B48BB954DFAE878A0075EF4A /* SSBFramer.m */ = {isa = PBXFileReference; lastKnownFileType = sourcecode.c.objc; path = SSBFramer.m; sourceTree = "<group>"; };
		B73C35617F300D1233DB2B83 /* SSBMuxRPC.h */ = {isa = PBXFileReference; lastKnownFileType = sourcecode.c.h; path = SSBMuxRPC.h; sourceTree = "<group>"; };
		B9413A93F0266D34DC142DBD /* AppDelegate.h */ = {isa = PBXFileReference; lastKnownFileType = sourcecode.c.h; path = AppDelegate.h; sourceTree = "<group>"; };
		B9BB92B839045329BFED6CF9 /* SSBHTTPInviteServer.h */ = {isa = PBXFileReference; lastKnownFileType = sourcecode.c.h; path = SSBHTTPInviteServer.h; sourceTree = "<group>"; };
		C55A0EBFE2F7F1BDD456ED11 /* SSBFeedStore.m */ = {isa = PBXFileReference; lastKnownFileType = sourcecode.c.objc; path = SSBFeedStore.m; sourceTree = "<group>"; };
		C716E64EB06334D09F2227F6 /* SSBHTTPAuth.m */ = {isa = PBXFileReference; lastKnownFileType = sourcecode.c.objc; path = SSBHTTPAuth.m; sourceTree = "<group>"; };
		C9373F921F75303BFCDC1BE6 /* SSBFeedStore.h */ = {isa = PBXFileReference; lastKnownFileType = sourcecode.c.h; path = SSBFeedStore.h; sourceTree = "<group>"; };
		C9F05C00F76929DB237EAFC5 /* Assets.xcassets */ = {isa = PBXFileReference; lastKnownFileType = folder.assetcatalog; path = Assets.xcassets; sourceTree = "<group>"; };
		DEF75D13D452FFD12BF95D82 /* RoomStorage.m */ = {isa = PBXFileReference; lastKnownFileType = sourcecode.c.objc; path = RoomStorage.m; sourceTree = "<group>"; };
		E5D6A0F38B9E9AFA91A44D6D /* SSBBendyButt.m */ = {isa = PBXFileReference; lastKnownFileType = sourcecode.c.objc; path = SSBBendyButt.m; sourceTree = "<group>"; };
		EBEB65F0F3E4B90137A01A1F /* SSBMessageCodec.h */ = {isa = PBXFileReference; lastKnownFileType = sourcecode.c.h; path = SSBMessageCodec.h; sourceTree = "<group>"; };
		EC626AA0CD6651F362F3A259 /* SSBTangle.m */ = {isa = PBXFileReference; lastKnownFileType = sourcecode.c.objc; path = SSBTangle.m; sourceTree = "<group>"; };
		ED5D14C9A38BFEE04B8CFA16 /* SSBConnectionFSM.m */ = {isa = PBXFileReference; lastKnownFileType = sourcecode.c.objc; path = SSBConnectionFSM.m; sourceTree = "<group>"; };
		F325B1D6582DD9CC76FC5697 /* SSBBIPF.m */ = {isa = PBXFileReference; lastKnownFileType = sourcecode.c.objc; path = SSBBIPF.m; sourceTree = "<group>"; };
		F80E33A7DBFD10BDAA3D203E /* AppDelegate.m */ = {isa = PBXFileReference; lastKnownFileType = sourcecode.c.objc; path = AppDelegate.m; sourceTree = "<group>"; };
		FF643DB59B16753E557EAF57 /* SSBURI.m */ = {isa = PBXFileReference; lastKnownFileType = sourcecode.c.objc; path = SSBURI.m; sourceTree = "<group>"; };
/* End PBXFileReference section */

/* Begin PBXFrameworksBuildPhase section */
		2ECE4D9922838E1C8D13C8F3 /* Frameworks */ = {
			isa = PBXFrameworksBuildPhase;
			buildActionMask = 2147483647;
			files = (
				BE9A8D2A4973E05F75341AB6 /* libsqlite3.tbd in Frameworks */,
			);
			runOnlyForDeploymentPostprocessing = 0;
		};
		AF77685584DC06C833A5E5C0 /* Frameworks */ = {
			isa = PBXFrameworksBuildPhase;
			buildActionMask = 2147483647;
			files = (
				957A819F27BDA12D6A818E7B /* SSBNetwork.framework in Frameworks */,
			);
			runOnlyForDeploymentPostprocessing = 0;
		};
		EEA8C48F679A0076D534E540 /* Frameworks */ = {
			isa = PBXFrameworksBuildPhase;
			buildActionMask = 2147483647;
			files = (
				2D6FBF5BD89783F1B4CAAEAA /* SSBNetwork.framework in Frameworks */,
			);
			runOnlyForDeploymentPostprocessing = 0;
		};
/* End PBXFrameworksBuildPhase section */

/* Begin PBXGroup section */
		1E869DD3875047A521B5ACAE = {
			isa = PBXGroup;
			children = (
				61919F188E68FE94722E294A /* App */,
				77EE1D76DFF0A4FD1AF6147B /* Sources */,
				B3447AD46347CC4634612FC2 /* Tests */,
				2916E3793227DD6198438CE7 /* Frameworks */,
				5EAE10210859E5F79833534B /* Products */,
			);
			sourceTree = "<group>";
		};
		2916E3793227DD6198438CE7 /* Frameworks */ = {
			isa = PBXGroup;
			children = (
				067EE91BF3BEDCAEEB1CA111 /* libsqlite3.tbd */,
			);
			name = Frameworks;
			sourceTree = "<group>";
		};
		5EAE10210859E5F79833534B /* Products */ = {
			isa = PBXGroup;
			children = (
				517830A10C275CAC17E13876 /* ScuttleRoomApp.app */,
				61BA0400ED90DA1C669C82F6 /* SSBNetwork.framework */,
				23C9D99F878A9B6C7F9ECDB3 /* SSBNetworkTests.xctest */,
			);
			name = Products;
			sourceTree = "<group>";
		};
		61919F188E68FE94722E294A /* App */ = {
			isa = PBXGroup;
			children = (
				B9413A93F0266D34DC142DBD /* AppDelegate.h */,
				F80E33A7DBFD10BDAA3D203E /* AppDelegate.m */,
				410B0BC80AF863D21E803C0F /* AppIcon.icns */,
				C9F05C00F76929DB237EAFC5 /* Assets.xcassets */,
				7466A4084D3543D750F94190 /* Info.plist */,
				1FED1D5E48F454E382FCABAA /* main.m */,
			);
			path = App;
			sourceTree = "<group>";
		};
		77EE1D76DFF0A4FD1AF6147B /* Sources */ = {
			isa = PBXGroup;
			children = (
				9C7E04C046ADB179D05C58EF /* Info.plist */,
				6AD82430655F17B68BA5E2AB /* randombytes.c */,
				1C3C9A7A3F394789F22597E9 /* RoomInviteHandler.h */,
				48B3F9236315984F2295B802 /* RoomInviteHandler.m */,
				8B1A74C0B6939BE415F1577B /* RoomStorage.h */,
				DEF75D13D452FFD12BF95D82 /* RoomStorage.m */,
				AE263EE668B2B8230CEA86F0 /* SSBBendyButt.h */,
				E5D6A0F38B9E9AFA91A44D6D /* SSBBendyButt.m */,
				883B75B6F77728C6B18E47AA /* SSBBFE.h */,
				5FD97ACAFE931445D4CEBA24 /* SSBBFE.m */,
				7CBAE6D51037FC4AB336DDB3 /* SSBBIPF.h */,
				F325B1D6582DD9CC76FC5697 /* SSBBIPF.m */,
				29B7AD9AB28A5B0C4A35BA2E /* SSBBoxStream.h */,
				9B5DE3CEE3B9D2A1BFC6F370 /* SSBBoxStream.m */,
				3D0A5DD1CF76AFF24492A78E /* SSBConnectionFSM.h */,
				ED5D14C9A38BFEE04B8CFA16 /* SSBConnectionFSM.m */,
				C9373F921F75303BFCDC1BE6 /* SSBFeedStore.h */,
				C55A0EBFE2F7F1BDD456ED11 /* SSBFeedStore.m */,
				9B42ABD39574F1380A7D4E02 /* SSBFramer.h */,
				B48BB954DFAE878A0075EF4A /* SSBFramer.m */,
				A5572FAB9C13EDB3AA6AC7E0 /* SSBHTTPAuth.h */,
				C716E64EB06334D09F2227F6 /* SSBHTTPAuth.m */,
				B9BB92B839045329BFED6CF9 /* SSBHTTPInviteServer.h */,
				7B43F65DF2F79CE330D39DB8 /* SSBHTTPInviteServer.m */,
				90204CE2735F70BB02436E71 /* SSBIndexFeed.h */,
				0C8F057287283AD2B9906EF1 /* SSBIndexFeed.m */,
				EBEB65F0F3E4B90137A01A1F /* SSBMessageCodec.h */,
				3C70C0A06B11C1312D125C45 /* SSBMessageCodec.m */,
				189BDF5A7F57785FA15BF879 /* SSBMetafeed.h */,
				B3ED61B0C360E195DDE9E67F /* SSBMetafeed.m */,
				B73C35617F300D1233DB2B83 /* SSBMuxRPC.h */,
				798B55FEB82324DA55E84BE8 /* SSBMuxRPC.m */,
				31DBAA46A5AA443FF424EB6E /* SSBNetwork.h */,
				84FB412E2AF11B61D45E5D7E /* SSBRoomClient.h */,
				037E18283780BBEE7AC97C12 /* SSBRoomClient.m */,
				99F91286CB3ED206B79A3E77 /* SSBSecretHandshake.h */,
				0255A98ECFDE1B94FD72FDC8 /* SSBSecretHandshake.m */,
				2EA1EE9798EA1AC943C4251F /* SSBTangle.h */,
				EC626AA0CD6651F362F3A259 /* SSBTangle.m */,
				53D2EEA4027CFD4A5B573A70 /* SSBURI.h */,
				FF643DB59B16753E557EAF57 /* SSBURI.m */,
				75516176EABD43E300304542 /* tweetnacl.c */,
				ADF41D2BA8155CDF54C259CB /* tweetnacl.h */,
			);
			path = Sources;
			sourceTree = "<group>";
		};
		B3447AD46347CC4634612FC2 /* Tests */ = {
			isa = PBXGroup;
			children = (
				AFE38E82BFCE0732285FBFD3 /* RoomInviteHandlerTests.m */,
				7E748DFDDA660FFBB10D82FB /* SSBBFETests.m */,
				7903E33DB09B529B3231AC07 /* SSBConnectionFSMTests.m */,
				51CC92772DB3FD3C04DDA282 /* SSBFramerTests.m */,
				82A5436B4CFA34D7E02DF80C /* SSBRoomProtocolBugfixTests.m */,
			);
			path = Tests;
			sourceTree = "<group>";
		};
/* End PBXGroup section */

/* Begin PBXHeadersBuildPhase section */
		6AF47B4C41E45D2E7E087A3D /* Headers */ = {
			isa = PBXHeadersBuildPhase;
			buildActionMask = 2147483647;
			files = (
				2DFF3BBA68D1B5E1BF607B23 /* RoomInviteHandler.h in Headers */,
				CD38B433F28833FDB0A18450 /* RoomStorage.h in Headers */,
				F242D9204257ADEF9BE27519 /* SSBBFE.h in Headers */,
				7ADF4D7E4394304A4282236A /* SSBBIPF.h in Headers */,
				047DD05B99FEB5CF11CF4C60 /* SSBBendyButt.h in Headers */,
				75C64BD1D71E250DB10E3F79 /* SSBBoxStream.h in Headers */,
				3C5FE070E76B93931852DC0D /* SSBConnectionFSM.h in Headers */,
				2411B5A6066C3651E43750E6 /* SSBFeedStore.h in Headers */,
				4E0D770E3150E72B84939F1A /* SSBFramer.h in Headers */,
				35734AB8D61C51D56B3B4AA5 /* SSBHTTPAuth.h in Headers */,
				039B4FFDD41842731258C5A0 /* SSBHTTPInviteServer.h in Headers */,
				BB914624C7A198AC3B984E87 /* SSBIndexFeed.h in Headers */,
				04FBDC2110F3898DE17DD339 /* SSBMessageCodec.h in Headers */,
				162F045D34358E23A6010CEC /* SSBMetafeed.h in Headers */,
				9EA9951A01E1E1F883481100 /* SSBMuxRPC.h in Headers */,
				A953F4A5E9AAC735E3C5297E /* SSBNetwork.h in Headers */,
				CDE1773169A7406CF7C80E86 /* SSBRoomClient.h in Headers */,
				39E8170656DD2630FC0DF719 /* SSBSecretHandshake.h in Headers */,
				E2B98592E789745288819A91 /* SSBTangle.h in Headers */,
				C675DBFEC6E02324C36C7FF1 /* SSBURI.h in Headers */,
				B4B1781611491EA710139777 /* tweetnacl.h in Headers */,
			);
			runOnlyForDeploymentPostprocessing = 0;
		};
/* End PBXHeadersBuildPhase section */

/* Begin PBXNativeTarget section */
		1CF40B086A59D56593B18B96 /* SSBNetwork */ = {
			isa = PBXNativeTarget;
			buildConfigurationList = 51637031B1D89FA1A3A991BB /* Build configuration list for PBXNativeTarget "SSBNetwork" */;
			buildPhases = (
				6AF47B4C41E45D2E7E087A3D /* Headers */,
				31A0C6012D7FFC87C95017F4 /* Sources */,
				2ECE4D9922838E1C8D13C8F3 /* Frameworks */,
			);
			buildRules = (
			);
			dependencies = (
			);
			name = SSBNetwork;
			packageProductDependencies = (
			);
			productName = SSBNetwork;
			productReference = 61BA0400ED90DA1C669C82F6 /* SSBNetwork.framework */;
			productType = "com.apple.product-type.framework";
		};
		BD1C876785A2AB5CDF9C0ECE /* ScuttleRoomApp */ = {
			isa = PBXNativeTarget;
			buildConfigurationList = 9D1B42DD7C1ABAE8A81989C3 /* Build configuration list for PBXNativeTarget "ScuttleRoomApp" */;
			buildPhases = (
				3FEE36493C7FC86B55722C15 /* Sources */,
				33D5B41AB1A26EE9F6A4369D /* Resources */,
				EEA8C48F679A0076D534E540 /* Frameworks */,
				B8159EB20C043B4DBA94BD0A /* Embed Frameworks */,
			);
			buildRules = (
			);
			dependencies = (
				44B81020441BBEB30313B667 /* PBXTargetDependency */,
			);
			name = ScuttleRoomApp;
			packageProductDependencies = (
			);
			productName = ScuttleRoomApp;
			productReference = 517830A10C275CAC17E13876 /* ScuttleRoomApp.app */;
			productType = "com.apple.product-type.application";
		};
		F40CC25CD7DF93600779B8A3 /* SSBNetworkTests */ = {
			isa = PBXNativeTarget;
			buildConfigurationList = F3A7D34F7D8C42D113B5ACB7 /* Build configuration list for PBXNativeTarget "SSBNetworkTests" */;
			buildPhases = (
				9B788DAA14525FF4AF9416C1 /* Sources */,
				AF77685584DC06C833A5E5C0 /* Frameworks */,
				53760165C7B27B5720D00C41 /* Embed Frameworks */,
			);
			buildRules = (
			);
			dependencies = (
				CFCD6FB92398163BA8E9FC84 /* PBXTargetDependency */,
			);
			name = SSBNetworkTests;
			packageProductDependencies = (
			);
			productName = SSBNetworkTests;
			productReference = 23C9D99F878A9B6C7F9ECDB3 /* SSBNetworkTests.xctest */;
			productType = "com.apple.product-type.bundle.unit-test";
		};
/* End PBXNativeTarget section */

/* Begin PBXProject section */
		84FE5265FAD8C72B56E7EF33 /* Project object */ = {
			isa = PBXProject;
			attributes = {
				BuildIndependentTargetsInParallel = YES;
				LastUpgradeCheck = 1430;
			};
			buildConfigurationList = EA1DDE41EE89321D5E949963 /* Build configuration list for PBXProject "SSBNetwork" */;
			compatibilityVersion = "Xcode 14.0";
			developmentRegion = en;
			hasScannedForEncodings = 0;
			knownRegions = (
				Base,
				en,
			);
			mainGroup = 1E869DD3875047A521B5ACAE;
			minimizedProjectReferenceProxies = 1;
			preferredProjectObjectVersion = 77;
			projectDirPath = "";
			projectRoot = "";
			targets = (
				1CF40B086A59D56593B18B96 /* SSBNetwork */,
				F40CC25CD7DF93600779B8A3 /* SSBNetworkTests */,
				BD1C876785A2AB5CDF9C0ECE /* ScuttleRoomApp */,
			);
		};
/* End PBXProject section */

/* Begin PBXResourcesBuildPhase section */
		33D5B41AB1A26EE9F6A4369D /* Resources */ = {
			isa = PBXResourcesBuildPhase;
			buildActionMask = 2147483647;
			files = (
				884F44BF881CE3A4D3DC4DF7 /* AppIcon.icns in Resources */,
				B8E2C63792A054D04318C035 /* Assets.xcassets in Resources */,
			);
			runOnlyForDeploymentPostprocessing = 0;
		};
/* End PBXResourcesBuildPhase section */

/* Begin PBXSourcesBuildPhase section */
		31A0C6012D7FFC87C95017F4 /* Sources */ = {
			isa = PBXSourcesBuildPhase;
			buildActionMask = 2147483647;
			files = (
				ED1404748F962F19589CBE74 /* RoomInviteHandler.m in Sources */,
				056267448FB588E609991737 /* RoomStorage.m in Sources */,
				7F22700F8DF227408F500E85 /* SSBBFE.m in Sources */,
				B873CA366A39AA08B15ABA9B /* SSBBIPF.m in Sources */,
				85E97634B5B4504389199501 /* SSBBendyButt.m in Sources */,
				96B02CDE1D300F6A5623E45D /* SSBBoxStream.m in Sources */,
				C111B6D99CDCCCFD9546C012 /* SSBConnectionFSM.m in Sources */,
				59C7722FFBE59082E6FEFC4E /* SSBFeedStore.m in Sources */,
				BD7F78D9CC7E86F23EE6532F /* SSBFramer.m in Sources */,
				8AB648382104AA27043DE092 /* SSBHTTPAuth.m in Sources */,
				FB9F2FA752CFEEFE9F389EDA /* SSBHTTPInviteServer.m in Sources */,
				75A183A6BE3C707DBFF9802F /* SSBIndexFeed.m in Sources */,
				BC9EB0722B867B85252E9258 /* SSBMessageCodec.m in Sources */,
				3B8D602C97E80D60B476E84C /* SSBMetafeed.m in Sources */,
				585777B3264C53A370D9B1A9 /* SSBMuxRPC.m in Sources */,
				AC2D8D590BA4C02C2BFC96B5 /* SSBRoomClient.m in Sources */,
				00EE11A38AA65AB2658832BF /* SSBSecretHandshake.m in Sources */,
				B40F60D75D99FFFB352DF537 /* SSBTangle.m in Sources */,
				884E6C004581AD0133CC3FD3 /* SSBURI.m in Sources */,
				CEFE6E080E34CA2A1F784CBB /* randombytes.c in Sources */,
				2D27C4B1478B3BEE80FD5ACE /* tweetnacl.c in Sources */,
			);
			runOnlyForDeploymentPostprocessing = 0;
		};
		3FEE36493C7FC86B55722C15 /* Sources */ = {
			isa = PBXSourcesBuildPhase;
			buildActionMask = 2147483647;
			files = (
				8AF74B0C6F85ABD1BAAFBB44 /* AppDelegate.m in Sources */,
				DC4E9D2F01B23F9B6992C1B7 /* main.m in Sources */,
			);
			runOnlyForDeploymentPostprocessing = 0;
		};
		9B788DAA14525FF4AF9416C1 /* Sources */ = {
			isa = PBXSourcesBuildPhase;
			buildActionMask = 2147483647;
			files = (
				2CFA0B235B87F6A5B03AEE35 /* RoomInviteHandlerTests.m in Sources */,
				A141F7D05B6B1CB5181E6307 /* SSBBFETests.m in Sources */,
				1F1FC8D5C7E11D53568CB43E /* SSBConnectionFSMTests.m in Sources */,
				E3B51FD2F5CD35960B8ABB96 /* SSBFramerTests.m in Sources */,
				554426DE883B869FC0368A91 /* SSBRoomProtocolBugfixTests.m in Sources */,
			);
			runOnlyForDeploymentPostprocessing = 0;
		};
/* End PBXSourcesBuildPhase section */

/* Begin PBXTargetDependency section */
		44B81020441BBEB30313B667 /* PBXTargetDependency */ = {
			isa = PBXTargetDependency;
			target = 1CF40B086A59D56593B18B96 /* SSBNetwork */;
			targetProxy = 1C903BEDC19F4311F34E501B /* PBXContainerItemProxy */;
		};
		CFCD6FB92398163BA8E9FC84 /* PBXTargetDependency */ = {
			isa = PBXTargetDependency;
			target = 1CF40B086A59D56593B18B96 /* SSBNetwork */;
			targetProxy = E1962CFE58CCD5FCCBEDD940 /* PBXContainerItemProxy */;
		};
/* End PBXTargetDependency section */

/* Begin XCBuildConfiguration section */
		0A9A7DA570B8BA809D8E63C9 /* Debug */ = {
			isa = XCBuildConfiguration;
			buildSettings = {
				ALWAYS_SEARCH_USER_PATHS = NO;
				CLANG_ANALYZER_NONNULL = YES;
				CLANG_ANALYZER_NUMBER_OBJECT_CONVERSION = YES_AGGRESSIVE;
				CLANG_CXX_LANGUAGE_STANDARD = "gnu++14";
				CLANG_CXX_LIBRARY = "libc++";
				CLANG_ENABLE_MODULES = YES;
				CLANG_ENABLE_OBJC_ARC = YES;
				CLANG_ENABLE_OBJC_WEAK = YES;
				CLANG_WARN_BLOCK_CAPTURE_AUTORELEASING = YES;
				CLANG_WARN_BOOL_CONVERSION = YES;
				CLANG_WARN_COMMA = YES;
				CLANG_WARN_CONSTANT_CONVERSION = YES;
				CLANG_WARN_DEPRECATED_OBJC_IMPLEMENTATIONS = YES;
				CLANG_WARN_DIRECT_OBJC_ISA_USAGE = YES_ERROR;
				CLANG_WARN_DOCUMENTATION_COMMENTS = YES;
				CLANG_WARN_EMPTY_BODY = YES;
				CLANG_WARN_ENUM_CONVERSION = YES;
				CLANG_WARN_INFINITE_RECURSION = YES;
				CLANG_WARN_INT_CONVERSION = YES;
				CLANG_WARN_NON_LITERAL_NULL_CONVERSION = YES;
				CLANG_WARN_OBJC_IMPLICIT_RETAIN_SELF = YES;
				CLANG_WARN_OBJC_LITERAL_CONVERSION = YES;
				CLANG_WARN_OBJC_ROOT_CLASS = YES_ERROR;
				CLANG_WARN_QUOTED_INCLUDE_IN_FRAMEWORK_HEADER = YES;
				CLANG_WARN_RANGE_LOOP_ANALYSIS = YES;
				CLANG_WARN_STRICT_PROTOTYPES = YES;
				CLANG_WARN_SUSPICIOUS_MOVE = YES;
				CLANG_WARN_UNGUARDED_AVAILABILITY = YES_AGGRESSIVE;
				CLANG_WARN_UNREACHABLE_CODE = YES;
				CLANG_WARN__DUPLICATE_METHOD_MATCH = YES;
				COPY_PHASE_STRIP = NO;
				DEBUG_INFORMATION_FORMAT = dwarf;
				ENABLE_STRICT_OBJC_MSGSEND = YES;
				ENABLE_TESTABILITY = YES;
				GCC_C_LANGUAGE_STANDARD = gnu11;
				GCC_DYNAMIC_NO_PIC = NO;
				GCC_NO_COMMON_BLOCKS = YES;
				GCC_OPTIMIZATION_LEVEL = 0;
				GCC_PREPROCESSOR_DEFINITIONS = (
					"$(inherited)",
					"DEBUG=1",
				);
				GCC_WARN_64_TO_32_BIT_CONVERSION = YES;
				GCC_WARN_ABOUT_RETURN_TYPE = YES_ERROR;
				GCC_WARN_UNDECLARED_SELECTOR = YES;
				GCC_WARN_UNINITIALIZED_AUTOS = YES_AGGRESSIVE;
				GCC_WARN_UNUSED_FUNCTION = YES;
				GCC_WARN_UNUSED_VARIABLE = YES;
				MTL_ENABLE_DEBUG_INFO = INCLUDE_SOURCE;
				MTL_FAST_MATH = YES;
				ONLY_ACTIVE_ARCH = YES;
				PRODUCT_NAME = "$(TARGET_NAME)";
				SDKROOT = macosx;
				SWIFT_ACTIVE_COMPILATION_CONDITIONS = DEBUG;
				SWIFT_OPTIMIZATION_LEVEL = "-Onone";
				SWIFT_VERSION = 5.0;
			};
			name = Debug;
		};
		286BA9885493FDF6D830E61A /* Release */ = {
			isa = XCBuildConfiguration;
			buildSettings = {
				ASSETCATALOG_COMPILER_APPICON_NAME = AppIcon;
				CODE_SIGNING_REQUIRED = NO;
				CODE_SIGN_IDENTITY = "";
				COMBINE_HIDPI_IMAGES = YES;
				INFOPLIST_FILE = App/Info.plist;
				LD_RUNPATH_SEARCH_PATHS = (
					"$(inherited)",
					"@executable_path/../Frameworks",
				);
				MACOSX_DEPLOYMENT_TARGET = 10.15;
				PRODUCT_BUNDLE_IDENTIFIER = com.scuttlebutt.ScuttleRoomApp;
				SDKROOT = macosx;
			};
			name = Release;
		};
		72FC988A6EB4EE4D984E14AC /* Debug */ = {
			isa = XCBuildConfiguration;
			buildSettings = {
				ASSETCATALOG_COMPILER_APPICON_NAME = AppIcon;
				CODE_SIGNING_REQUIRED = NO;
				CODE_SIGN_IDENTITY = "";
				COMBINE_HIDPI_IMAGES = YES;
				INFOPLIST_FILE = App/Info.plist;
				LD_RUNPATH_SEARCH_PATHS = (
					"$(inherited)",
					"@executable_path/../Frameworks",
				);
				MACOSX_DEPLOYMENT_TARGET = 10.15;
				PRODUCT_BUNDLE_IDENTIFIER = com.scuttlebutt.ScuttleRoomApp;
				SDKROOT = macosx;
			};
			name = Debug;
		};
		7319FCB924C606F02C905B47 /* Debug */ = {
			isa = XCBuildConfiguration;
			buildSettings = {
				CODE_SIGNING_REQUIRED = NO;
				CODE_SIGN_IDENTITY = "";
				COMBINE_HIDPI_IMAGES = YES;
				CURRENT_PROJECT_VERSION = 1;
				DEFINES_MODULE = YES;
				DYLIB_COMPATIBILITY_VERSION = 1;
				DYLIB_CURRENT_VERSION = 1;
				DYLIB_INSTALL_NAME_BASE = "@rpath";
				INFOPLIST_FILE = Sources/Info.plist;
				INSTALL_PATH = "$(LOCAL_LIBRARY_DIR)/Frameworks";
				LD_RUNPATH_SEARCH_PATHS = (
					"$(inherited)",
					"@executable_path/../Frameworks",
				);
				MACOSX_DEPLOYMENT_TARGET = 10.15;
				PRODUCT_BUNDLE_IDENTIFIER = com.scuttlebutt.SSBNetwork;
				SDKROOT = macosx;
				SKIP_INSTALL = YES;
				VERSIONING_SYSTEM = "apple-generic";
			};
			name = Debug;
		};
		753E14ECE7EAE7EE243EAF9F /* Release */ = {
			isa = XCBuildConfiguration;
			buildSettings = {
				BUNDLE_LOADER = "$(TEST_HOST)";
				CODE_SIGNING_REQUIRED = NO;
				CODE_SIGN_IDENTITY = "";
				COMBINE_HIDPI_IMAGES = YES;
				LD_RUNPATH_SEARCH_PATHS = (
					"$(inherited)",
					"@executable_path/../Frameworks",
					"@loader_path/../Frameworks",
				);
				MACOSX_DEPLOYMENT_TARGET = 10.15;
				PRODUCT_BUNDLE_IDENTIFIER = com.scuttlebutt.SSBNetworkTests;
				SDKROOT = macosx;
			};
			name = Release;
		};
		761AAD9DFFF6DE55E8D31C7F /* Release */ = {
			isa = XCBuildConfiguration;
			buildSettings = {
				ALWAYS_SEARCH_USER_PATHS = NO;
				CLANG_ANALYZER_NONNULL = YES;
				CLANG_ANALYZER_NUMBER_OBJECT_CONVERSION = YES_AGGRESSIVE;
				CLANG_CXX_LANGUAGE_STANDARD = "gnu++14";
				CLANG_CXX_LIBRARY = "libc++";
				CLANG_ENABLE_MODULES = YES;
				CLANG_ENABLE_OBJC_ARC = YES;
				CLANG_ENABLE_OBJC_WEAK = YES;
				CLANG_WARN_BLOCK_CAPTURE_AUTORELEASING = YES;
				CLANG_WARN_BOOL_CONVERSION = YES;
				CLANG_WARN_COMMA = YES;
				CLANG_WARN_CONSTANT_CONVERSION = YES;
				CLANG_WARN_DEPRECATED_OBJC_IMPLEMENTATIONS = YES;
				CLANG_WARN_DIRECT_OBJC_ISA_USAGE = YES_ERROR;
				CLANG_WARN_DOCUMENTATION_COMMENTS = YES;
				CLANG_WARN_EMPTY_BODY = YES;
				CLANG_WARN_ENUM_CONVERSION = YES;
				CLANG_WARN_INFINITE_RECURSION = YES;
				CLANG_WARN_INT_CONVERSION = YES;
				CLANG_WARN_NON_LITERAL_NULL_CONVERSION = YES;
				CLANG_WARN_OBJC_IMPLICIT_RETAIN_SELF = YES;
				CLANG_WARN_OBJC_LITERAL_CONVERSION = YES;
				CLANG_WARN_OBJC_ROOT_CLASS = YES_ERROR;
				CLANG_WARN_QUOTED_INCLUDE_IN_FRAMEWORK_HEADER = YES;
				CLANG_WARN_RANGE_LOOP_ANALYSIS = YES;
				CLANG_WARN_STRICT_PROTOTYPES = YES;
				CLANG_WARN_SUSPICIOUS_MOVE = YES;
				CLANG_WARN_UNGUARDED_AVAILABILITY = YES_AGGRESSIVE;
				CLANG_WARN_UNREACHABLE_CODE = YES;
				CLANG_WARN__DUPLICATE_METHOD_MATCH = YES;
				COPY_PHASE_STRIP = NO;
				DEBUG_INFORMATION_FORMAT = "dwarf-with-dsym";
				ENABLE_NS_ASSERTIONS = NO;
				ENABLE_STRICT_OBJC_MSGSEND = YES;
				GCC_C_LANGUAGE_STANDARD = gnu11;
				GCC_NO_COMMON_BLOCKS = YES;
				GCC_WARN_64_TO_32_BIT_CONVERSION = YES;
				GCC_WARN_ABOUT_RETURN_TYPE = YES_ERROR;
				GCC_WARN_UNDECLARED_SELECTOR = YES;
				GCC_WARN_UNINITIALIZED_AUTOS = YES_AGGRESSIVE;
				GCC_WARN_UNUSED_FUNCTION = YES;
				GCC_WARN_UNUSED_VARIABLE = YES;
				MTL_ENABLE_DEBUG_INFO = NO;
				MTL_FAST_MATH = YES;
				PRODUCT_NAME = "$(TARGET_NAME)";
				SDKROOT = macosx;
				SWIFT_COMPILATION_MODE = wholemodule;
				SWIFT_OPTIMIZATION_LEVEL = "-O";
				SWIFT_VERSION = 5.0;
			};
			name = Release;
		};
		8C2C7EC593AC21EC49A3D505 /* Debug */ = {
			isa = XCBuildConfiguration;
			buildSettings = {
				BUNDLE_LOADER = "$(TEST_HOST)";
				CODE_SIGNING_REQUIRED = NO;
				CODE_SIGN_IDENTITY = "";
				COMBINE_HIDPI_IMAGES = YES;
				LD_RUNPATH_SEARCH_PATHS = (
					"$(inherited)",
					"@executable_path/../Frameworks",
					"@loader_path/../Frameworks",
				);
				MACOSX_DEPLOYMENT_TARGET = 10.15;
				PRODUCT_BUNDLE_IDENTIFIER = com.scuttlebutt.SSBNetworkTests;
				SDKROOT = macosx;
			};
			name = Debug;
		};
		97D7AA486748D8E8DB08B511 /* Release */ = {
			isa = XCBuildConfiguration;
			buildSettings = {
				CODE_SIGNING_REQUIRED = NO;
				CODE_SIGN_IDENTITY = "";
				COMBINE_HIDPI_IMAGES = YES;
				CURRENT_PROJECT_VERSION = 1;
				DEFINES_MODULE = YES;
				DYLIB_COMPATIBILITY_VERSION = 1;
				DYLIB_CURRENT_VERSION = 1;
				DYLIB_INSTALL_NAME_BASE = "@rpath";
				INFOPLIST_FILE = Sources/Info.plist;
				INSTALL_PATH = "$(LOCAL_LIBRARY_DIR)/Frameworks";
				LD_RUNPATH_SEARCH_PATHS = (
					"$(inherited)",
					"@executable_path/../Frameworks",
				);
				MACOSX_DEPLOYMENT_TARGET = 10.15;
				PRODUCT_BUNDLE_IDENTIFIER = com.scuttlebutt.SSBNetwork;
				SDKROOT = macosx;
				SKIP_INSTALL = YES;
				VERSIONING_SYSTEM = "apple-generic";
			};
			name = Release;
		};
/* End XCBuildConfiguration section */

/* Begin XCConfigurationList section */
		51637031B1D89FA1A3A991BB /* Build configuration list for PBXNativeTarget "SSBNetwork" */ = {
			isa = XCConfigurationList;
			buildConfigurations = (
				7319FCB924C606F02C905B47 /* Debug */,
				97D7AA486748D8E8DB08B511 /* Release */,
			);
			defaultConfigurationIsVisible = 0;
			defaultConfigurationName = Debug;
		};
		9D1B42DD7C1ABAE8A81989C3 /* Build configuration list for PBXNativeTarget "ScuttleRoomApp" */ = {
			isa = XCConfigurationList;
			buildConfigurations = (
				72FC988A6EB4EE4D984E14AC /* Debug */,
				286BA9885493FDF6D830E61A /* Release */,
			);
			defaultConfigurationIsVisible = 0;
			defaultConfigurationName = Debug;
		};
		EA1DDE41EE89321D5E949963 /* Build configuration list for PBXProject "SSBNetwork" */ = {
			isa = XCConfigurationList;
			buildConfigurations = (
				0A9A7DA570B8BA809D8E63C9 /* Debug */,
				761AAD9DFFF6DE55E8D31C7F /* Release */,
			);
			defaultConfigurationIsVisible = 0;
			defaultConfigurationName = Debug;
		};
		F3A7D34F7D8C42D113B5ACB7 /* Build configuration list for PBXNativeTarget "SSBNetworkTests" */ = {
			isa = XCConfigurationList;
			buildConfigurations = (
				8C2C7EC593AC21EC49A3D505 /* Debug */,
				753E14ECE7EAE7EE243EAF9F /* Release */,
			);
			defaultConfigurationIsVisible = 0;
			defaultConfigurationName = Debug;
		};
/* End XCConfigurationList section */
	};
	rootObject = 84FE5265FAD8C72B56E7EF33 /* Project object */;
}
